
Microsoft Visual Studio Solution File, Format Version 12.00
# Visual Studio Version 17
VisualStudioVersion = 17.0.31912.275
MinimumVisualStudioVersion = 10.0.40219.1
Project("{FAE04EC0-301F-11D3-BF4B-00C04F79EFBC}") = "MinimalAPI", "MinimalAPI.csproj", "{2233A02B-19B3-4614-8E05-2345AF8A719D}"
EndProject
Global
	GlobalSection(SolutionConfigurationPlatforms) = preSolution
		Debug|Any CPU = Debug|Any CPU
		Release|Any CPU = Release|Any CPU
	EndGlobalSection
	GlobalSection(ProjectConfigurationPlatforms) = postSolution
		{2233A02B-19B3-4614-8E05-2345AF8A719D}.Debug|Any CPU.ActiveCfg = Debug|Any CPU
		{2233A02B-19B3-4614-8E05-2345AF8A719D}.Debug|Any CPU.Build.0 = Debug|Any CPU
		{2233A02B-19B3-4614-8E05-2345AF8A719D}.Release|Any CPU.ActiveCfg = Release|Any CPU
		{2233A02B-19B3-4614-8E05-2345AF8A719D}.Release|Any CPU.Build.0 = Release|Any CPU
	EndGlobalSection
	GlobalSection(SolutionProperties) = preSolution
		HideSolutionNode = FALSE
	EndGlobalSection
	GlobalSection(ExtensibilityGlobals) = postSolution
		SolutionGuid = {5D71B013-2282-44CF-9371-436C29B676E2}
	EndGlobalSection
EndGlobal
